
Microsoft Visual Studio Solution File, Format Version 11.00
# Visual Studio 2010
Project("{FAE04EC0-301F-11D3-BF4B-00C04F79EFBC}") = "Assembly-CSharp", "Assembly-CSharp.csproj", "{2c8f1409-658e-447c-b0fa-88305996e3a6}"
EndProject
Project("{FAE04EC0-301F-11D3-BF4B-00C04F79EFBC}") = "AstarPathfindingProject", "AstarPathfindingProject.csproj", "{190d2cfa-79e6-71de-e76c-3e1c7e1dbc52}"
EndProject
Project("{FAE04EC0-301F-11D3-BF4B-00C04F79EFBC}") = "Assembly-CSharp-Editor", "Assembly-CSharp-Editor.csproj", "{afeafa35-42e4-8e57-110b-d7e74d6565ef}"
EndProject
Project("{FAE04EC0-301F-11D3-BF4B-00C04F79EFBC}") = "PackageToolsEditor", "PackageToolsEditor.csproj", "{775bea25-1fc7-6265-6961-fa0ad60f50bc}"
EndProject
Project("{FAE04EC0-301F-11D3-BF4B-00C04F79EFBC}") = "AstarPathfindingProjectEditor", "AstarPathfindingProjectEditor.csproj", "{733a54a9-ca69-d5d6-43e0-cbadaf333a4b}"
EndProject
Global
	GlobalSection(SolutionConfigurationPlatforms) = preSolution
		Debug|Any CPU = Debug|Any CPU
	EndGlobalSection
	GlobalSection(ProjectConfigurationPlatforms) = postSolution
		{2c8f1409-658e-447c-b0fa-88305996e3a6}.Debug|Any CPU.ActiveCfg = Debug|Any CPU
		{2c8f1409-658e-447c-b0fa-88305996e3a6}.Debug|Any CPU.Build.0 = Debug|Any CPU
		{190d2cfa-79e6-71de-e76c-3e1c7e1dbc52}.Debug|Any CPU.ActiveCfg = Debug|Any CPU
		{190d2cfa-79e6-71de-e76c-3e1c7e1dbc52}.Debug|Any CPU.Build.0 = Debug|Any CPU
		{afeafa35-42e4-8e57-110b-d7e74d6565ef}.Debug|Any CPU.ActiveCfg = Debug|Any CPU
		{afeafa35-42e4-8e57-110b-d7e74d6565ef}.Debug|Any CPU.Build.0 = Debug|Any CPU
		{775bea25-1fc7-6265-6961-fa0ad60f50bc}.Debug|Any CPU.ActiveCfg = Debug|Any CPU
		{775bea25-1fc7-6265-6961-fa0ad60f50bc}.Debug|Any CPU.Build.0 = Debug|Any CPU
		{733a54a9-ca69-d5d6-43e0-cbadaf333a4b}.Debug|Any CPU.ActiveCfg = Debug|Any CPU
		{733a54a9-ca69-d5d6-43e0-cbadaf333a4b}.Debug|Any CPU.Build.0 = Debug|Any CPU
	EndGlobalSection
	GlobalSection(SolutionProperties) = preSolution
		HideSolutionNode = FALSE
	EndGlobalSection
EndGlobal
